// !$*UTF8*$!
{
	archiveVersion = 1;
	classes = {
	};
	objectVersion = 77;
	objects = {

/* Begin PBXBuildFile section */
		6FD4749D2E9B0589001773BE /* BatteryMonitor.swift in Sources */ = {isa = PBXBuildFile; fileRef = 6FD4749C2E9B0589001773BE /* BatteryMonitor.swift */; };
		6FD4749F2E9B088D001773BE /* NotificationManager.swift in Sources */ = {isa = PBXBuildFile; fileRef = 6FD4749E2E9B088D001773BE /* NotificationManager.swift */; };
/* End PBXBuildFile section */

/* Begin PBXFileReference section */
		6F0211582EFECB1A00146EA3 /* AiBatteryAlarmClean.xcodeproj */ = {isa = PBXFileReference; lastKnownFileType = "wrapper.pb-project"; path = AiBatteryAlarmClean.xcodeproj; sourceTree = "<group>"; };
		6F0402372EBA9A7900C02985 /* AiBatteryAlarmClean.xcodeproj */ = {isa = PBXFileReference; lastKnownFileType = "wrapper.pb-project"; path = AiBatteryAlarmClean.xcodeproj; sourceTree = "<group>"; };
		6F0C58B72E94692700821138 /* AiBatteryAlarmClean.app */ = {isa = PBXFileReference; explicitFileType = wrapper.application; includeInIndex = 0; path = AiBatteryAlarmClean.app; sourceTree = BUILT_PRODUCTS_DIR; };
		6F0F37802EFAEB6A0094E156 /* AiBatteryAlarmClean.xcodeproj */ = {isa = PBXFileReference; lastKnownFileType = "wrapper.pb-project"; path = AiBatteryAlarmClean.xcodeproj; sourceTree = "<group>"; };
		6F66FB8C2ED38446002A26EA /* AiBatteryAlarmClean.xcodeproj */ = {isa = PBXFileReference; lastKnownFileType = "wrapper.pb-project"; path = AiBatteryAlarmClean.xcodeproj; sourceTree = "<group>"; };
		6F69702F2ED2D0AC00000F3E /* AiBatteryAlarmClean.xcodeproj */ = {isa = PBXFileReference; lastKnownFileType = "wrapper.pb-project"; path = AiBatteryAlarmClean.xcodeproj; sourceTree = "<group>"; };
		6F8DF8632ED76A3F00B998FF /* AiBatteryAlarmClean.xcodeproj */ = {isa = PBXFileReference; lastKnownFileType = "wrapper.pb-project"; path = AiBatteryAlarmClean.xcodeproj; sourceTree = "<group>"; };
		6FAFC8752ECB813B00E5F20B /* AiBatteryAlarmClean.xcodeproj */ = {isa = PBXFileReference; lastKnownFileType = "wrapper.pb-project"; path = AiBatteryAlarmClean.xcodeproj; sourceTree = "<group>"; };
		6FAFC8AF2ECB919E00E5F20B /* AiBatteryAlarmClean.xcodeproj */ = {isa = PBXFileReference; lastKnownFileType = "wrapper.pb-project"; path = AiBatteryAlarmClean.xcodeproj; sourceTree = "<group>"; };
		6FCB7C902EF4915200BD5F90 /* AiBatteryAlarmClean.xcodeproj */ = {isa = PBXFileReference; lastKnownFileType = "wrapper.pb-project"; path = AiBatteryAlarmClean.xcodeproj; sourceTree = "<group>"; };
		6FCB7D072EF5A39F00BD5F90 /* AiBatteryAlarmClean.xcodeproj */ = {isa = PBXFileReference; lastKnownFileType = "wrapper.pb-project"; path = AiBatteryAlarmClean.xcodeproj; sourceTree = "<group>"; };
		6FD4749C2E9B0589001773BE /* BatteryMonitor.swift */ = {isa = PBXFileReference; lastKnownFileType = sourcecode.swift; path = BatteryMonitor.swift; sourceTree = "<group>"; };
		6FD4749E2E9B088D001773BE /* NotificationManager.swift */ = {isa = PBXFileReference; lastKnownFileType = sourcecode.swift; path = NotificationManager.swift; sourceTree = "<group>"; };
		6FDC43992EBD02CB00385E6B /* AiBatteryAlarmClean.xcodeproj */ = {isa = PBXFileReference; lastKnownFileType = "wrapper.pb-project"; path = AiBatteryAlarmClean.xcodeproj; sourceTree = "<group>"; };
		6FE951712ED1FA5200D99A4A /* AiBatteryAlarmClean.xcodeproj */ = {isa = PBXFileReference; lastKnownFileType = "wrapper.pb-project"; path = AiBatteryAlarmClean.xcodeproj; sourceTree = "<group>"; };
/* End PBXFileReference section */

/* Begin PBXFileSystemSynchronizedBuildFileExceptionSet section */
		6FCB7D202EF5CF9100BD5F90 /* Exceptions for "AiBatteryAlarmClean" folder in "AiBatteryAlarmClean" target */ = {
			isa = PBXFileSystemSynchronizedBuildFileExceptionSet;
			membershipExceptions = (
				AiBatteryAlarmClean/Info.plist,
			);
			target = 6F0C58B62E94692700821138 /* AiBatteryAlarmClean */;
		};
/* End PBXFileSystemSynchronizedBuildFileExceptionSet section */

/* Begin PBXFileSystemSynchronizedRootGroup section */
		6F0C58B92E94692700821138 /* AiBatteryAlarmClean */ = {
			isa = PBXFileSystemSynchronizedRootGroup;
			exceptions = (
				6FCB7D202EF5CF9100BD5F90 /* Exceptions for "AiBatteryAlarmClean" folder in "AiBatteryAlarmClean" target */,
			);
			path = AiBatteryAlarmClean;
			sourceTree = "<group>";
		};
/* End PBXFileSystemSynchronizedRootGroup section */

/* Begin PBXFrameworksBuildPhase section */
		6F0C58B42E94692700821138 /* Frameworks */ = {
			isa = PBXFrameworksBuildPhase;
			buildActionMask = 2147483647;
			files = (
			);
			runOnlyForDeploymentPostprocessing = 0;
		};
/* End PBXFrameworksBuildPhase section */

/* Begin PBXGroup section */
		6F0211592EFECB1A00146EA3 /* Products */ = {
			isa = PBXGroup;
			name = Products;
			sourceTree = "<group>";
		};
		6F0402382EBA9A7900C02985 /* Products */ = {
			isa = PBXGroup;
			name = Products;
			sourceTree = "<group>";
		};
		6F0C58AE2E94692700821138 = {
			isa = PBXGroup;
			children = (
				6FD4749C2E9B0589001773BE /* BatteryMonitor.swift */,
				6FD4749E2E9B088D001773BE /* NotificationManager.swift */,
				6F0C58B92E94692700821138 /* AiBatteryAlarmClean */,
				6F0C58B82E94692700821138 /* Products */,
			);
			sourceTree = "<group>";
		};
		6F0C58B82E94692700821138 /* Products */ = {
			isa = PBXGroup;
			children = (
				6F0C58B72E94692700821138 /* AiBatteryAlarmClean.app */,
			);
			name = Products;
			sourceTree = "<group>";
		};
		6F0F37812EFAEB6A0094E156 /* Products */ = {
			isa = PBXGroup;
			name = Products;
			sourceTree = "<group>";
		};
		6F66FB8D2ED38446002A26EA /* Products */ = {
			isa = PBXGroup;
			name = Products;
			sourceTree = "<group>";
		};
		6F6970302ED2D0AC00000F3E /* Products */ = {
			isa = PBXGroup;
			name = Products;
			sourceTree = "<group>";
		};
		6F8DF8642ED76A3F00B998FF /* Products */ = {
			isa = PBXGroup;
			name = Products;
			sourceTree = "<group>";
		};
		6FAFC8762ECB813B00E5F20B /* Products */ = {
			isa = PBXGroup;
			name = Products;
			sourceTree = "<group>";
		};
		6FAFC8B02ECB919E00E5F20B /* Products */ = {
			isa = PBXGroup;
			name = Products;
			sourceTree = "<group>";
		};
		6FCB7C912EF4915200BD5F90 /* Products */ = {
			isa = PBXGroup;
			name = Products;
			sourceTree = "<group>";
		};
		6FCB7D082EF5A39F00BD5F90 /* Products */ = {
			isa = PBXGroup;
			name = Products;
			sourceTree = "<group>";
		};
		6FDC439A2EBD02CB00385E6B /* Products */ = {
			isa = PBXGroup;
			name = Products;
			sourceTree = "<group>";
		};
		6FE951722ED1FA5200D99A4A /* Products */ = {
			isa = PBXGroup;
			name = Products;
			sourceTree = "<group>";
		};
/* End PBXGroup section */

/* Begin PBXNativeTarget section */
		6F0C58B62E94692700821138 /* AiBatteryAlarmClean */ = {
			isa = PBXNativeTarget;
			buildConfigurationList = 6F0C58C22E94692B00821138 /* Build configuration list for PBXNativeTarget "AiBatteryAlarmClean" */;
			buildPhases = (
				6F0C58B32E94692700821138 /* Sources */,
				6F0C58B42E94692700821138 /* Frameworks */,
				6F0C58B52E94692700821138 /* Resources */,
			);
			buildRules = (
			);
			dependencies = (
			);
			fileSystemSynchronizedGroups = (
				6F0C58B92E94692700821138 /* AiBatteryAlarmClean */,
			);
			name = AiBatteryAlarmClean;
			packageProductDependencies = (
			);
			productName = AiBatteryAlarmClean;
			productReference = 6F0C58B72E94692700821138 /* AiBatteryAlarmClean.app */;
			productType = "com.apple.product-type.application";
		};
/* End PBXNativeTarget section */

/* Begin PBXProject section */
		6F0C58AF2E94692700821138 /* Project object */ = {
			isa = PBXProject;
			attributes = {
				BuildIndependentTargetsInParallel = 1;
				LastSwiftUpdateCheck = 2600;
				LastUpgradeCheck = 2600;
				TargetAttributes = {
					6F0C58B62E94692700821138 = {
						CreatedOnToolsVersion = 26.0.1;
					};
				};
			};
			buildConfigurationList = 6F0C58B22E94692700821138 /* Build configuration list for PBXProject "AiBatteryAlarmClean" */;
			developmentRegion = en;
			hasScannedForEncodings = 0;
			knownRegions = (
				en,
				Base,
			);
			mainGroup = 6F0C58AE2E94692700821138;
			minimizedProjectReferenceProxies = 1;
			preferredProjectObjectVersion = 77;
			productRefGroup = 6F0C58B82E94692700821138 /* Products */;
			projectDirPath = "";
			projectReferences = (
				{
					ProductGroup = 6F0402382EBA9A7900C02985 /* Products */;
					ProjectRef = 6F0402372EBA9A7900C02985 /* AiBatteryAlarmClean.xcodeproj */;
				},
				{
					ProductGroup = 6FE951722ED1FA5200D99A4A /* Products */;
					ProjectRef = 6FE951712ED1FA5200D99A4A /* AiBatteryAlarmClean.xcodeproj */;
				},
				{
					ProductGroup = 6FDC439A2EBD02CB00385E6B /* Products */;
					ProjectRef = 6FDC43992EBD02CB00385E6B /* AiBatteryAlarmClean.xcodeproj */;
				},
				{
					ProductGroup = 6F0F37812EFAEB6A0094E156 /* Products */;
					ProjectRef = 6F0F37802EFAEB6A0094E156 /* AiBatteryAlarmClean.xcodeproj */;
				},
				{
					ProductGroup = 6F8DF8642ED76A3F00B998FF /* Products */;
					ProjectRef = 6F8DF8632ED76A3F00B998FF /* AiBatteryAlarmClean.xcodeproj */;
				},
				{
					ProductGroup = 6FAFC8B02ECB919E00E5F20B /* Products */;
					ProjectRef = 6FAFC8AF2ECB919E00E5F20B /* AiBatteryAlarmClean.xcodeproj */;
				},
				{
					ProductGroup = 6FCB7D082EF5A39F00BD5F90 /* Products */;
					ProjectRef = 6FCB7D072EF5A39F00BD5F90 /* AiBatteryAlarmClean.xcodeproj */;
				},
				{
					ProductGroup = 6FAFC8762ECB813B00E5F20B /* Products */;
					ProjectRef = 6FAFC8752ECB813B00E5F20B /* AiBatteryAlarmClean.xcodeproj */;
				},
				{
					ProductGroup = 6FCB7C912EF4915200BD5F90 /* Products */;
					ProjectRef = 6FCB7C902EF4915200BD5F90 /* AiBatteryAlarmClean.xcodeproj */;
				},
				{
					ProductGroup = 6F66FB8D2ED38446002A26EA /* Products */;
					ProjectRef = 6F66FB8C2ED38446002A26EA /* AiBatteryAlarmClean.xcodeproj */;
				},
				{
					ProductGroup = 6F0211592EFECB1A00146EA3 /* Products */;
					ProjectRef = 6F0211582EFECB1A00146EA3 /* AiBatteryAlarmClean.xcodeproj */;
				},
				{
					ProductGroup = 6F6970302ED2D0AC00000F3E /* Products */;
					ProjectRef = 6F69702F2ED2D0AC00000F3E /* AiBatteryAlarmClean.xcodeproj */;
				},
			);
			projectRoot = "";
			targets = (
				6F0C58B62E94692700821138 /* AiBatteryAlarmClean */,
			);
		};
/* End PBXProject section */

/* Begin PBXResourcesBuildPhase section */
		6F0C58B52E94692700821138 /* Resources */ = {
			isa = PBXResourcesBuildPhase;
			buildActionMask = 2147483647;
			files = (
			);
			runOnlyForDeploymentPostprocessing = 0;
		};
/* End PBXResourcesBuildPhase section */

/* Begin PBXSourcesBuildPhase section */
		6F0C58B32E94692700821138 /* Sources */ = {
			isa = PBXSourcesBuildPhase;
			buildActionMask = 2147483647;
			files = (
				6FD4749F2E9B088D001773BE /* NotificationManager.swift in Sources */,
				6FD4749D2E9B0589001773BE /* BatteryMonitor.swift in Sources */,
			);
			runOnlyForDeploymentPostprocessing = 0;
		};
/* End PBXSourcesBuildPhase section */

/* Begin XCBuildConfiguration section */
		6F0C58C02E94692B00821138 /* Debug */ = {
			isa = XCBuildConfiguration;
			buildSettings = {
				ALWAYS_SEARCH_USER_PATHS = NO;
				ASSETCATALOG_COMPILER_GENERATE_SWIFT_ASSET_SYMBOL_EXTENSIONS = YES;
				CLANG_ANALYZER_NONNULL = YES;
				CLANG_ANALYZER_NUMBER_OBJECT_CONVERSION = YES_AGGRESSIVE;
				CLANG_CXX_LANGUAGE_STANDARD = "gnu++20";
				CLANG_ENABLE_MODULES = YES;
				CLANG_ENABLE_OBJC_ARC = YES;
				CLANG_ENABLE_OBJC_WEAK = YES;
				CLANG_WARN_BLOCK_CAPTURE_AUTORELEASING = YES;
				CLANG_WARN_BOOL_CONVERSION = YES;
				CLANG_WARN_COMMA = YES;
				CLANG_WARN_CONSTANT_CONVERSION = YES;
				CLANG_WARN_DEPRECATED_OBJC_IMPLEMENTATIONS = YES;
				CLANG_WARN_DIRECT_OBJC_ISA_USAGE = YES_ERROR;
				CLANG_WARN_DOCUMENTATION_COMMENTS = YES;
				CLANG_WARN_EMPTY_BODY = YES;
				CLANG_WARN_ENUM_CONVERSION = YES;
				CLANG_WARN_INFINITE_RECURSION = YES;
				CLANG_WARN_INT_CONVERSION = YES;
				CLANG_WARN_NON_LITERAL_NULL_CONVERSION = YES;
				CLANG_WARN_OBJC_IMPLICIT_RETAIN_SELF = YES;
				CLANG_WARN_OBJC_LITERAL_CONVERSION = YES;
				CLANG_WARN_OBJC_ROOT_CLASS = YES_ERROR;
				CLANG_WARN_QUOTED_INCLUDE_IN_FRAMEWORK_HEADER = YES;
				CLANG_WARN_RANGE_LOOP_ANALYSIS = YES;
				CLANG_WARN_STRICT_PROTOTYPES = YES;
				CLANG_WARN_SUSPICIOUS_MOVE = YES;
				CLANG_WARN_UNGUARDED_AVAILABILITY = YES_AGGRESSIVE;
				CLANG_WARN_UNREACHABLE_CODE = YES;
				CLANG_WARN__DUPLICATE_METHOD_MATCH = YES;
				COPY_PHASE_STRIP = NO;
				DEBUG_INFORMATION_FORMAT = dwarf;
				ENABLE_STRICT_OBJC_MSGSEND = YES;
				ENABLE_TESTABILITY = YES;
				ENABLE_USER_SCRIPT_SANDBOXING = YES;
				GCC_C_LANGUAGE_STANDARD = gnu17;
				GCC_DYNAMIC_NO_PIC = NO;
				GCC_NO_COMMON_BLOCKS = YES;
				GCC_OPTIMIZATION_LEVEL = 0;
				GCC_PREPROCESSOR_DEFINITIONS = (
					"DEBUG=1",
					"$(inherited)",
				);
				GCC_WARN_64_TO_32_BIT_CONVERSION = YES;
				GCC_WARN_ABOUT_RETURN_TYPE = YES_ERROR;
				GCC_WARN_UNDECLARED_SELECTOR = YES;
				GCC_WARN_UNINITIALIZED_AUTOS = YES_AGGRESSIVE;
				GCC_WARN_UNUSED_FUNCTION = YES;
				GCC_WARN_UNUSED_VARIABLE = YES;
				IPHONEOS_DEPLOYMENT_TARGET = 26.0;
				LOCALIZATION_PREFERS_STRING_CATALOGS = YES;
				MTL_ENABLE_DEBUG_INFO = INCLUDE_SOURCE;
				MTL_FAST_MATH = YES;
				ONLY_ACTIVE_ARCH = YES;
				SDKROOT = iphoneos;
				SWIFT_ACTIVE_COMPILATION_CONDITIONS = "DEBUG $(inherited)";
				SWIFT_OPTIMIZATION_LEVEL = "-Onone";
			};
			name = Debug;
		};
		6F0C58C12E94692B00821138 /* Release */ = {
			isa = XCBuildConfiguration;
			buildSettings = {
				ALWAYS_SEARCH_USER_PATHS = NO;
				ASSETCATALOG_COMPILER_GENERATE_SWIFT_ASSET_SYMBOL_EXTENSIONS = YES;
				CLANG_ANALYZER_NONNULL = YES;
				CLANG_ANALYZER_NUMBER_OBJECT_CONVERSION = YES_AGGRESSIVE;
				CLANG_CXX_LANGUAGE_STANDARD = "gnu++20";
				CLANG_ENABLE_MODULES = YES;
				CLANG_ENABLE_OBJC_ARC = YES;
				CLANG_ENABLE_OBJC_WEAK = YES;
				CLANG_WARN_BLOCK_CAPTURE_AUTORELEASING = YES;
				CLANG_WARN_BOOL_CONVERSION = YES;
				CLANG_WARN_COMMA = YES;
				CLANG_WARN_CONSTANT_CONVERSION = YES;
				CLANG_WARN_DEPRECATED_OBJC_IMPLEMENTATIONS = YES;
				CLANG_WARN_DIRECT_OBJC_ISA_USAGE = YES_ERROR;
				CLANG_WARN_DOCUMENTATION_COMMENTS = YES;
				CLANG_WARN_EMPTY_BODY = YES;
				CLANG_WARN_ENUM_CONVERSION = YES;
				CLANG_WARN_INFINITE_RECURSION = YES;
				CLANG_WARN_INT_CONVERSION = YES;
				CLANG_WARN_NON_LITERAL_NULL_CONVERSION = YES;
				CLANG_WARN_OBJC_IMPLICIT_RETAIN_SELF = YES;
				CLANG_WARN_OBJC_LITERAL_CONVERSION = YES;
				CLANG_WARN_OBJC_ROOT_CLASS = YES_ERROR;
				CLANG_WARN_QUOTED_INCLUDE_IN_FRAMEWORK_HEADER = YES;
				CLANG_WARN_RANGE_LOOP_ANALYSIS = YES;
				CLANG_WARN_STRICT_PROTOTYPES = YES;
				CLANG_WARN_SUSPICIOUS_MOVE = YES;
				CLANG_WARN_UNGUARDED_AVAILABILITY = YES_AGGRESSIVE;
				CLANG_WARN_UNREACHABLE_CODE = YES;
				CLANG_WARN__DUPLICATE_METHOD_MATCH = YES;
				COPY_PHASE_STRIP = NO;
				DEBUG_INFORMATION_FORMAT = "dwarf-with-dsym";
				ENABLE_NS_ASSERTIONS = NO;
				ENABLE_STRICT_OBJC_MSGSEND = YES;
				ENABLE_USER_SCRIPT_SANDBOXING = YES;
				GCC_C_LANGUAGE_STANDARD = gnu17;
				GCC_NO_COMMON_BLOCKS = YES;
				GCC_WARN_64_TO_32_BIT_CONVERSION = YES;
				GCC_WARN_ABOUT_RETURN_TYPE = YES_ERROR;
				GCC_WARN_UNDECLARED_SELECTOR = YES;
				GCC_WARN_UNINITIALIZED_AUTOS = YES_AGGRESSIVE;
				GCC_WARN_UNUSED_FUNCTION = YES;
				GCC_WARN_UNUSED_VARIABLE = YES;
				IPHONEOS_DEPLOYMENT_TARGET = 26.0;
				LOCALIZATION_PREFERS_STRING_CATALOGS = YES;
				MTL_ENABLE_DEBUG_INFO = NO;
				MTL_FAST_MATH = YES;
				SDKROOT = iphoneos;
				SWIFT_COMPILATION_MODE = wholemodule;
				VALIDATE_PRODUCT = YES;
			};
			name = Release;
		};
		6F0C58C32E94692B00821138 /* Debug */ = {
			isa = XCBuildConfiguration;
			buildSettings = {
				ASSETCATALOG_COMPILER_APPICON_NAME = AppIcon;
				ASSETCATALOG_COMPILER_GLOBAL_ACCENT_COLOR_NAME = AccentColor;
				CODE_SIGN_STYLE = Automatic;
				CURRENT_PROJECT_VERSION = 1;
				DEVELOPMENT_TEAM = PXA8Z3N4XN;
				ENABLE_PREVIEWS = YES;
				GENERATE_INFOPLIST_FILE = NO;
				INFOPLIST_FILE = AiBatteryAlarmClean/AiBatteryAlarmClean/Info.plist;
				INFOPLIST_KEY_UIApplicationSceneManifest_Generation = YES;
				INFOPLIST_KEY_UIApplicationSupportsIndirectInputEvents = YES;
				INFOPLIST_KEY_UILaunchScreen_Generation = YES;
				INFOPLIST_KEY_UISupportedInterfaceOrientations_iPad = "UIInterfaceOrientationPortrait UIInterfaceOrientationPortraitUpsideDown UIInterfaceOrientationLandscapeLeft UIInterfaceOrientationLandscapeRight";
				INFOPLIST_KEY_UISupportedInterfaceOrientations_iPhone = "UIInterfaceOrientationPortrait UIInterfaceOrientationLandscapeLeft UIInterfaceOrientationLandscapeRight";
				IPHONEOS_DEPLOYMENT_TARGET = 18.6;
				LD_RUNPATH_SEARCH_PATHS = (
					"$(inherited)",
					"@executable_path/Frameworks",
				);
				MARKETING_VERSION = 1.0;
				PRODUCT_BUNDLE_IDENTIFIER = "com.The-Angry-Buddhist.AiBatteryAlarmClean";
				PRODUCT_NAME = "$(TARGET_NAME)";
				STRING_CATALOG_GENERATE_SYMBOLS = YES;
				SWIFT_APPROACHABLE_CONCURRENCY = YES;
				SWIFT_DEFAULT_ACTOR_ISOLATION = MainActor;
				SWIFT_EMIT_LOC_STRINGS = YES;
				SWIFT_UPCOMING_FEATURE_MEMBER_IMPORT_VISIBILITY = YES;
				SWIFT_VERSION = 5.0;
				TARGETED_DEVICE_FAMILY = "1,2";
			};
			name = Debug;
		};
		6F0C58C42E94692B00821138 /* Release */ = {
			isa = XCBuildConfiguration;
			buildSettings = {
				ASSETCATALOG_COMPILER_APPICON_NAME = AppIcon;
				ASSETCATALOG_COMPILER_GLOBAL_ACCENT_COLOR_NAME = AccentColor;
				CODE_SIGN_STYLE = Automatic;
				CURRENT_PROJECT_VERSION = 1;
				DEVELOPMENT_TEAM = PXA8Z3N4XN;
				ENABLE_PREVIEWS = YES;
				GENERATE_INFOPLIST_FILE = NO;
				INFOPLIST_FILE = AiBatteryAlarmClean/AiBatteryAlarmClean/Info.plist;
				INFOPLIST_KEY_UIApplicationSceneManifest_Generation = YES;
				INFOPLIST_KEY_UIApplicationSupportsIndirectInputEvents = YES;
				INFOPLIST_KEY_UILaunchScreen_Generation = YES;
				INFOPLIST_KEY_UISupportedInterfaceOrientations_iPad = "UIInterfaceOrientationPortrait UIInterfaceOrientationPortraitUpsideDown UIInterfaceOrientationLandscapeLeft UIInterfaceOrientationLandscapeRight";
				INFOPLIST_KEY_UISupportedInterfaceOrientations_iPhone = "UIInterfaceOrientationPortrait UIInterfaceOrientationLandscapeLeft UIInterfaceOrientationLandscapeRight";
				IPHONEOS_DEPLOYMENT_TARGET = 18.6;
				LD_RUNPATH_SEARCH_PATHS = (
					"$(inherited)",
					"@executable_path/Frameworks",
				);
				MARKETING_VERSION = 1.0;
				PRODUCT_BUNDLE_IDENTIFIER = "com.The-Angry-Buddhist.AiBatteryAlarmClean";
				PRODUCT_NAME = "$(TARGET_NAME)";
				STRING_CATALOG_GENERATE_SYMBOLS = YES;
				SWIFT_APPROACHABLE_CONCURRENCY = YES;
				SWIFT_DEFAULT_ACTOR_ISOLATION = MainActor;
				SWIFT_EMIT_LOC_STRINGS = YES;
				SWIFT_UPCOMING_FEATURE_MEMBER_IMPORT_VISIBILITY = YES;
				SWIFT_VERSION = 5.0;
				TARGETED_DEVICE_FAMILY = "1,2";
			};
			name = Release;
		};
/* End XCBuildConfiguration section */

/* Begin XCConfigurationList section */
		6F0C58B22E94692700821138 /* Build configuration list for PBXProject "AiBatteryAlarmClean" */ = {
			isa = XCConfigurationList;
			buildConfigurations = (
				6F0C58C02E94692B00821138 /* Debug */,
				6F0C58C12E94692B00821138 /* Release */,
			);
			defaultConfigurationIsVisible = 0;
			defaultConfigurationName = Release;
		};
		6F0C58C22E94692B00821138 /* Build configuration list for PBXNativeTarget "AiBatteryAlarmClean" */ = {
			isa = XCConfigurationList;
			buildConfigurations = (
				6F0C58C32E94692B00821138 /* Debug */,
				6F0C58C42E94692B00821138 /* Release */,
			);
			defaultConfigurationIsVisible = 0;
			defaultConfigurationName = Release;
		};
/* End XCConfigurationList section */
	};
	rootObject = 6F0C58AF2E94692700821138 /* Project object */;
}
